
Microsoft Visual Studio Solution File, Format Version 12.00
# Visual Studio Version 17
VisualStudioVersion = 17.9.34902.65
MinimumVisualStudioVersion = 10.0.40219.1
Project("{FAE04EC0-301F-11D3-BF4B-00C04F79EFBC}") = "waterbill 0.10", "waterbill 0.10.csproj", "{C0FC276C-677B-48A5-A960-845FCEFEE058}"
EndProject
Global
	GlobalSection(SolutionConfigurationPlatforms) = preSolution
		Debug|Any CPU = Debug|Any CPU
		Release|Any CPU = Release|Any CPU
	EndGlobalSection
	GlobalSection(ProjectConfigurationPlatforms) = postSolution
		{C0FC276C-677B-48A5-A960-845FCEFEE058}.Debug|Any CPU.ActiveCfg = Debug|Any CPU
		{C0FC276C-677B-48A5-A960-845FCEFEE058}.Debug|Any CPU.Build.0 = Debug|Any CPU
		{C0FC276C-677B-48A5-A960-845FCEFEE058}.Release|Any CPU.ActiveCfg = Release|Any CPU
		{C0FC276C-677B-48A5-A960-845FCEFEE058}.Release|Any CPU.Build.0 = Release|Any CPU
	EndGlobalSection
	GlobalSection(SolutionProperties) = preSolution
		HideSolutionNode = FALSE
	EndGlobalSection
	GlobalSection(ExtensibilityGlobals) = postSolution
		SolutionGuid = {3218934B-DB06-45B8-8A66-F26ECD7090EF}
	EndGlobalSection
EndGlobal
